// !$*UTF8*$!
{
	archiveVersion = 1;
	classes = {
	};
	objectVersion = 56;
	objects = {

/* Begin PBXBuildFile section */
		AE7D8F6729282E1500675043 /* wolfApp.swift in Sources */ = {isa = PBXBuildFile; fileRef = AE7D8F6629282E1500675043 /* wolfApp.swift */; };
		AE7D8F6B29282E1600675043 /* Assets.xcassets in Resources */ = {isa = PBXBuildFile; fileRef = AE7D8F6A29282E1600675043 /* Assets.xcassets */; };
		AE7D8F6E29282E1600675043 /* Preview Assets.xcassets in Resources */ = {isa = PBXBuildFile; fileRef = AE7D8F6D29282E1600675043 /* Preview Assets.xcassets */; };
		AE7D8F7629282E7500675043 /* MatchConfig.swift in Sources */ = {isa = PBXBuildFile; fileRef = AE7D8F7429282E5800675043 /* MatchConfig.swift */; };
		AE7D8F7929282F8200675043 /* GolferRowView.swift in Sources */ = {isa = PBXBuildFile; fileRef = AE7D8F7829282F8200675043 /* GolferRowView.swift */; };
		AE7D8F7B29283A6100675043 /* ProfilePicture.swift in Sources */ = {isa = PBXBuildFile; fileRef = AE7D8F7A29283A6100675043 /* ProfilePicture.swift */; };
		AE7D8F7D2928425F00675043 /* StartRoundButton.swift in Sources */ = {isa = PBXBuildFile; fileRef = AE7D8F7C2928425F00675043 /* StartRoundButton.swift */; };
		AE7D8F7F292846C600675043 /* GolferModel.swift in Sources */ = {isa = PBXBuildFile; fileRef = AE7D8F7E292846C600675043 /* GolferModel.swift */; };
		AE7D8F81292848F200675043 /* GolferRowModel.swift in Sources */ = {isa = PBXBuildFile; fileRef = AE7D8F80292848F200675043 /* GolferRowModel.swift */; };
		AE7D8F85292949EB00675043 /* HoleView.swift in Sources */ = {isa = PBXBuildFile; fileRef = AE7D8F84292949EB00675043 /* HoleView.swift */; };
		AE7D8F87292949F500675043 /* HoleRowView.swift in Sources */ = {isa = PBXBuildFile; fileRef = AE7D8F86292949F500675043 /* HoleRowView.swift */; };
		AE7D8F89292959DB00675043 /* MatchBrain.swift in Sources */ = {isa = PBXBuildFile; fileRef = AE7D8F88292959DB00675043 /* MatchBrain.swift */; };
/* End PBXBuildFile section */

/* Begin PBXFileReference section */
		AE7D8F6329282E1500675043 /* wolf.app */ = {isa = PBXFileReference; explicitFileType = wrapper.application; includeInIndex = 0; path = wolf.app; sourceTree = BUILT_PRODUCTS_DIR; };
		AE7D8F6629282E1500675043 /* wolfApp.swift */ = {isa = PBXFileReference; lastKnownFileType = sourcecode.swift; path = wolfApp.swift; sourceTree = "<group>"; };
		AE7D8F6A29282E1600675043 /* Assets.xcassets */ = {isa = PBXFileReference; lastKnownFileType = folder.assetcatalog; path = Assets.xcassets; sourceTree = "<group>"; };
		AE7D8F6D29282E1600675043 /* Preview Assets.xcassets */ = {isa = PBXFileReference; lastKnownFileType = folder.assetcatalog; path = "Preview Assets.xcassets"; sourceTree = "<group>"; };
		AE7D8F7429282E5800675043 /* MatchConfig.swift */ = {isa = PBXFileReference; lastKnownFileType = sourcecode.swift; path = MatchConfig.swift; sourceTree = "<group>"; };
		AE7D8F7829282F8200675043 /* GolferRowView.swift */ = {isa = PBXFileReference; lastKnownFileType = sourcecode.swift; path = GolferRowView.swift; sourceTree = "<group>"; };
		AE7D8F7A29283A6100675043 /* ProfilePicture.swift */ = {isa = PBXFileReference; lastKnownFileType = sourcecode.swift; path = ProfilePicture.swift; sourceTree = "<group>"; };
		AE7D8F7C2928425F00675043 /* StartRoundButton.swift */ = {isa = PBXFileReference; lastKnownFileType = sourcecode.swift; path = StartRoundButton.swift; sourceTree = "<group>"; };
		AE7D8F7E292846C600675043 /* GolferModel.swift */ = {isa = PBXFileReference; lastKnownFileType = sourcecode.swift; path = GolferModel.swift; sourceTree = "<group>"; };
		AE7D8F80292848F200675043 /* GolferRowModel.swift */ = {isa = PBXFileReference; lastKnownFileType = sourcecode.swift; path = GolferRowModel.swift; sourceTree = "<group>"; };
		AE7D8F84292949EB00675043 /* HoleView.swift */ = {isa = PBXFileReference; lastKnownFileType = sourcecode.swift; path = HoleView.swift; sourceTree = "<group>"; };
		AE7D8F86292949F500675043 /* HoleRowView.swift */ = {isa = PBXFileReference; lastKnownFileType = sourcecode.swift; path = HoleRowView.swift; sourceTree = "<group>"; };
		AE7D8F88292959DB00675043 /* MatchBrain.swift */ = {isa = PBXFileReference; lastKnownFileType = sourcecode.swift; path = MatchBrain.swift; sourceTree = "<group>"; };
/* End PBXFileReference section */

/* Begin PBXFrameworksBuildPhase section */
		AE7D8F6029282E1500675043 /* Frameworks */ = {
			isa = PBXFrameworksBuildPhase;
			buildActionMask = 2147483647;
			files = (
			);
			runOnlyForDeploymentPostprocessing = 0;
		};
/* End PBXFrameworksBuildPhase section */

/* Begin PBXGroup section */
		AE7D8F5A29282E1500675043 = {
			isa = PBXGroup;
			children = (
				AE7D8F6529282E1500675043 /* wolf */,
				AE7D8F6429282E1500675043 /* Products */,
			);
			sourceTree = "<group>";
		};
		AE7D8F6429282E1500675043 /* Products */ = {
			isa = PBXGroup;
			children = (
				AE7D8F6329282E1500675043 /* wolf.app */,
			);
			name = Products;
			sourceTree = "<group>";
		};
		AE7D8F6529282E1500675043 /* wolf */ = {
			isa = PBXGroup;
			children = (
				AE7D8F6629282E1500675043 /* wolfApp.swift */,
				AE7D8F83292949D200675043 /* Holes */,
				AE7D8F7729282F6A00675043 /* MatchSetup */,
				AE7D8F822929487500675043 /* Models */,
				AE7D8F6A29282E1600675043 /* Assets.xcassets */,
				AE7D8F6C29282E1600675043 /* Preview Content */,
			);
			path = wolf;
			sourceTree = "<group>";
		};
		AE7D8F6C29282E1600675043 /* Preview Content */ = {
			isa = PBXGroup;
			children = (
				AE7D8F6D29282E1600675043 /* Preview Assets.xcassets */,
			);
			path = "Preview Content";
			sourceTree = "<group>";
		};
		AE7D8F7729282F6A00675043 /* MatchSetup */ = {
			isa = PBXGroup;
			children = (
				AE7D8F7429282E5800675043 /* MatchConfig.swift */,
				AE7D8F7829282F8200675043 /* GolferRowView.swift */,
				AE7D8F7C2928425F00675043 /* StartRoundButton.swift */,
				AE7D8F7A29283A6100675043 /* ProfilePicture.swift */,
			);
			path = MatchSetup;
			sourceTree = "<group>";
		};
		AE7D8F822929487500675043 /* Models */ = {
			isa = PBXGroup;
			children = (
				AE7D8F7E292846C600675043 /* GolferModel.swift */,
				AE7D8F80292848F200675043 /* GolferRowModel.swift */,
				AE7D8F88292959DB00675043 /* MatchBrain.swift */,
			);
			path = Models;
			sourceTree = "<group>";
		};
		AE7D8F83292949D200675043 /* Holes */ = {
			isa = PBXGroup;
			children = (
				AE7D8F84292949EB00675043 /* HoleView.swift */,
				AE7D8F86292949F500675043 /* HoleRowView.swift */,
			);
			path = Holes;
			sourceTree = "<group>";
		};
/* End PBXGroup section */

/* Begin PBXNativeTarget section */
		AE7D8F6229282E1500675043 /* wolf */ = {
			isa = PBXNativeTarget;
			buildConfigurationList = AE7D8F7129282E1600675043 /* Build configuration list for PBXNativeTarget "wolf" */;
			buildPhases = (
				AE7D8F5F29282E1500675043 /* Sources */,
				AE7D8F6029282E1500675043 /* Frameworks */,
				AE7D8F6129282E1500675043 /* Resources */,
			);
			buildRules = (
			);
			dependencies = (
			);
			name = wolf;
			productName = wolf;
			productReference = AE7D8F6329282E1500675043 /* wolf.app */;
			productType = "com.apple.product-type.application";
		};
/* End PBXNativeTarget section */

/* Begin PBXProject section */
		AE7D8F5B29282E1500675043 /* Project object */ = {
			isa = PBXProject;
			attributes = {
				BuildIndependentTargetsInParallel = 1;
				LastSwiftUpdateCheck = 1400;
				LastUpgradeCheck = 1400;
				TargetAttributes = {
					AE7D8F6229282E1500675043 = {
						CreatedOnToolsVersion = 14.0.1;
					};
				};
			};
			buildConfigurationList = AE7D8F5E29282E1500675043 /* Build configuration list for PBXProject "wolf" */;
			compatibilityVersion = "Xcode 14.0";
			developmentRegion = en;
			hasScannedForEncodings = 0;
			knownRegions = (
				en,
				Base,
			);
			mainGroup = AE7D8F5A29282E1500675043;
			productRefGroup = AE7D8F6429282E1500675043 /* Products */;
			projectDirPath = "";
			projectRoot = "";
			targets = (
				AE7D8F6229282E1500675043 /* wolf */,
			);
		};
/* End PBXProject section */

/* Begin PBXResourcesBuildPhase section */
		AE7D8F6129282E1500675043 /* Resources */ = {
			isa = PBXResourcesBuildPhase;
			buildActionMask = 2147483647;
			files = (
				AE7D8F6E29282E1600675043 /* Preview Assets.xcassets in Resources */,
				AE7D8F6B29282E1600675043 /* Assets.xcassets in Resources */,
			);
			runOnlyForDeploymentPostprocessing = 0;
		};
/* End PBXResourcesBuildPhase section */

/* Begin PBXSourcesBuildPhase section */
		AE7D8F5F29282E1500675043 /* Sources */ = {
			isa = PBXSourcesBuildPhase;
			buildActionMask = 2147483647;
			files = (
				AE7D8F7929282F8200675043 /* GolferRowView.swift in Sources */,
				AE7D8F87292949F500675043 /* HoleRowView.swift in Sources */,
				AE7D8F7D2928425F00675043 /* StartRoundButton.swift in Sources */,
				AE7D8F7629282E7500675043 /* MatchConfig.swift in Sources */,
				AE7D8F7B29283A6100675043 /* ProfilePicture.swift in Sources */,
				AE7D8F7F292846C600675043 /* GolferModel.swift in Sources */,
				AE7D8F6729282E1500675043 /* wolfApp.swift in Sources */,
				AE7D8F81292848F200675043 /* GolferRowModel.swift in Sources */,
				AE7D8F89292959DB00675043 /* MatchBrain.swift in Sources */,
				AE7D8F85292949EB00675043 /* HoleView.swift in Sources */,
			);
			runOnlyForDeploymentPostprocessing = 0;
		};
/* End PBXSourcesBuildPhase section */

/* Begin XCBuildConfiguration section */
		AE7D8F6F29282E1600675043 /* Debug */ = {
			isa = XCBuildConfiguration;
			buildSettings = {
				ALWAYS_SEARCH_USER_PATHS = NO;
				CLANG_ANALYZER_NONNULL = YES;
				CLANG_ANALYZER_NUMBER_OBJECT_CONVERSION = YES_AGGRESSIVE;
				CLANG_CXX_LANGUAGE_STANDARD = "gnu++20";
				CLANG_ENABLE_MODULES = YES;
				CLANG_ENABLE_OBJC_ARC = YES;
				CLANG_ENABLE_OBJC_WEAK = YES;
				CLANG_WARN_BLOCK_CAPTURE_AUTORELEASING = YES;
				CLANG_WARN_BOOL_CONVERSION = YES;
				CLANG_WARN_COMMA = YES;
				CLANG_WARN_CONSTANT_CONVERSION = YES;
				CLANG_WARN_DEPRECATED_OBJC_IMPLEMENTATIONS = YES;
				CLANG_WARN_DIRECT_OBJC_ISA_USAGE = YES_ERROR;
				CLANG_WARN_DOCUMENTATION_COMMENTS = YES;
				CLANG_WARN_EMPTY_BODY = YES;
				CLANG_WARN_ENUM_CONVERSION = YES;
				CLANG_WARN_INFINITE_RECURSION = YES;
				CLANG_WARN_INT_CONVERSION = YES;
				CLANG_WARN_NON_LITERAL_NULL_CONVERSION = YES;
				CLANG_WARN_OBJC_IMPLICIT_RETAIN_SELF = YES;
				CLANG_WARN_OBJC_LITERAL_CONVERSION = YES;
				CLANG_WARN_OBJC_ROOT_CLASS = YES_ERROR;
				CLANG_WARN_QUOTED_INCLUDE_IN_FRAMEWORK_HEADER = YES;
				CLANG_WARN_RANGE_LOOP_ANALYSIS = YES;
				CLANG_WARN_STRICT_PROTOTYPES = YES;
				CLANG_WARN_SUSPICIOUS_MOVE = YES;
				CLANG_WARN_UNGUARDED_AVAILABILITY = YES_AGGRESSIVE;
				CLANG_WARN_UNREACHABLE_CODE = YES;
				CLANG_WARN__DUPLICATE_METHOD_MATCH = YES;
				COPY_PHASE_STRIP = NO;
				DEBUG_INFORMATION_FORMAT = dwarf;
				ENABLE_STRICT_OBJC_MSGSEND = YES;
				ENABLE_TESTABILITY = YES;
				GCC_C_LANGUAGE_STANDARD = gnu11;
				GCC_DYNAMIC_NO_PIC = NO;
				GCC_NO_COMMON_BLOCKS = YES;
				GCC_OPTIMIZATION_LEVEL = 0;
				GCC_PREPROCESSOR_DEFINITIONS = (
					"DEBUG=1",
					"$(inherited)",
				);
				GCC_WARN_64_TO_32_BIT_CONVERSION = YES;
				GCC_WARN_ABOUT_RETURN_TYPE = YES_ERROR;
				GCC_WARN_UNDECLARED_SELECTOR = YES;
				GCC_WARN_UNINITIALIZED_AUTOS = YES_AGGRESSIVE;
				GCC_WARN_UNUSED_FUNCTION = YES;
				GCC_WARN_UNUSED_VARIABLE = YES;
				IPHONEOS_DEPLOYMENT_TARGET = 16.0;
				MTL_ENABLE_DEBUG_INFO = INCLUDE_SOURCE;
				MTL_FAST_MATH = YES;
				ONLY_ACTIVE_ARCH = YES;
				SDKROOT = iphoneos;
				SWIFT_ACTIVE_COMPILATION_CONDITIONS = DEBUG;
				SWIFT_OPTIMIZATION_LEVEL = "-Onone";
			};
			name = Debug;
		};
		AE7D8F7029282E1600675043 /* Release */ = {
			isa = XCBuildConfiguration;
			buildSettings = {
				ALWAYS_SEARCH_USER_PATHS = NO;
				CLANG_ANALYZER_NONNULL = YES;
				CLANG_ANALYZER_NUMBER_OBJECT_CONVERSION = YES_AGGRESSIVE;
				CLANG_CXX_LANGUAGE_STANDARD = "gnu++20";
				CLANG_ENABLE_MODULES = YES;
				CLANG_ENABLE_OBJC_ARC = YES;
				CLANG_ENABLE_OBJC_WEAK = YES;
				CLANG_WARN_BLOCK_CAPTURE_AUTORELEASING = YES;
				CLANG_WARN_BOOL_CONVERSION = YES;
				CLANG_WARN_COMMA = YES;
				CLANG_WARN_CONSTANT_CONVERSION = YES;
				CLANG_WARN_DEPRECATED_OBJC_IMPLEMENTATIONS = YES;
				CLANG_WARN_DIRECT_OBJC_ISA_USAGE = YES_ERROR;
				CLANG_WARN_DOCUMENTATION_COMMENTS = YES;
				CLANG_WARN_EMPTY_BODY = YES;
				CLANG_WARN_ENUM_CONVERSION = YES;
				CLANG_WARN_INFINITE_RECURSION = YES;
				CLANG_WARN_INT_CONVERSION = YES;
				CLANG_WARN_NON_LITERAL_NULL_CONVERSION = YES;
				CLANG_WARN_OBJC_IMPLICIT_RETAIN_SELF = YES;
				CLANG_WARN_OBJC_LITERAL_CONVERSION = YES;
				CLANG_WARN_OBJC_ROOT_CLASS = YES_ERROR;
				CLANG_WARN_QUOTED_INCLUDE_IN_FRAMEWORK_HEADER = YES;
				CLANG_WARN_RANGE_LOOP_ANALYSIS = YES;
				CLANG_WARN_STRICT_PROTOTYPES = YES;
				CLANG_WARN_SUSPICIOUS_MOVE = YES;
				CLANG_WARN_UNGUARDED_AVAILABILITY = YES_AGGRESSIVE;
				CLANG_WARN_UNREACHABLE_CODE = YES;
				CLANG_WARN__DUPLICATE_METHOD_MATCH = YES;
				COPY_PHASE_STRIP = NO;
				DEBUG_INFORMATION_FORMAT = "dwarf-with-dsym";
				ENABLE_NS_ASSERTIONS = NO;
				ENABLE_STRICT_OBJC_MSGSEND = YES;
				GCC_C_LANGUAGE_STANDARD = gnu11;
				GCC_NO_COMMON_BLOCKS = YES;
				GCC_WARN_64_TO_32_BIT_CONVERSION = YES;
				GCC_WARN_ABOUT_RETURN_TYPE = YES_ERROR;
				GCC_WARN_UNDECLARED_SELECTOR = YES;
				GCC_WARN_UNINITIALIZED_AUTOS = YES_AGGRESSIVE;
				GCC_WARN_UNUSED_FUNCTION = YES;
				GCC_WARN_UNUSED_VARIABLE = YES;
				IPHONEOS_DEPLOYMENT_TARGET = 16.0;
				MTL_ENABLE_DEBUG_INFO = NO;
				MTL_FAST_MATH = YES;
				SDKROOT = iphoneos;
				SWIFT_COMPILATION_MODE = wholemodule;
				SWIFT_OPTIMIZATION_LEVEL = "-O";
				VALIDATE_PRODUCT = YES;
			};
			name = Release;
		};
		AE7D8F7229282E1600675043 /* Debug */ = {
			isa = XCBuildConfiguration;
			buildSettings = {
				ASSETCATALOG_COMPILER_APPICON_NAME = AppIcon;
				ASSETCATALOG_COMPILER_GLOBAL_ACCENT_COLOR_NAME = AccentColor;
				CODE_SIGN_STYLE = Automatic;
				CURRENT_PROJECT_VERSION = 1;
				DEVELOPMENT_ASSET_PATHS = "\"wolf/Preview Content\"";
				DEVELOPMENT_TEAM = VRR7Y73882;
				ENABLE_PREVIEWS = YES;
				GENERATE_INFOPLIST_FILE = YES;
				INFOPLIST_KEY_CFBundleDisplayName = Wolf;
				INFOPLIST_KEY_UIApplicationSceneManifest_Generation = YES;
				INFOPLIST_KEY_UIApplicationSupportsIndirectInputEvents = YES;
				INFOPLIST_KEY_UILaunchScreen_Generation = YES;
				INFOPLIST_KEY_UIStatusBarStyle = UIStatusBarStyleLightContent;
				INFOPLIST_KEY_UISupportedInterfaceOrientations = UIInterfaceOrientationPortrait;
				INFOPLIST_KEY_UISupportedInterfaceOrientations_iPad = "UIInterfaceOrientationLandscapeLeft UIInterfaceOrientationLandscapeRight UIInterfaceOrientationPortrait UIInterfaceOrientationPortraitUpsideDown";
				INFOPLIST_KEY_UIUserInterfaceStyle = Light;
				LD_RUNPATH_SEARCH_PATHS = (
					"$(inherited)",
					"@executable_path/Frameworks",
				);
				MARKETING_VERSION = 1.0;
				PRODUCT_BUNDLE_IDENTIFIER = gred.wolf;
				PRODUCT_NAME = "$(TARGET_NAME)";
				SWIFT_EMIT_LOC_STRINGS = YES;
				SWIFT_VERSION = 5.0;
				TARGETED_DEVICE_FAMILY = "1,2";
			};
			name = Debug;
		};
		AE7D8F7329282E1600675043 /* Release */ = {
			isa = XCBuildConfiguration;
			buildSettings = {
				ASSETCATALOG_COMPILER_APPICON_NAME = AppIcon;
				ASSETCATALOG_COMPILER_GLOBAL_ACCENT_COLOR_NAME = AccentColor;
				CODE_SIGN_STYLE = Automatic;
				CURRENT_PROJECT_VERSION = 1;
				DEVELOPMENT_ASSET_PATHS = "\"wolf/Preview Content\"";
				DEVELOPMENT_TEAM = VRR7Y73882;
				ENABLE_PREVIEWS = YES;
				GENERATE_INFOPLIST_FILE = YES;
				INFOPLIST_KEY_CFBundleDisplayName = Wolf;
				INFOPLIST_KEY_UIApplicationSceneManifest_Generation = YES;
				INFOPLIST_KEY_UIApplicationSupportsIndirectInputEvents = YES;
				INFOPLIST_KEY_UILaunchScreen_Generation = YES;
				INFOPLIST_KEY_UIStatusBarStyle = UIStatusBarStyleLightContent;
				INFOPLIST_KEY_UISupportedInterfaceOrientations = UIInterfaceOrientationPortrait;
				INFOPLIST_KEY_UISupportedInterfaceOrientations_iPad = "UIInterfaceOrientationLandscapeLeft UIInterfaceOrientationLandscapeRight UIInterfaceOrientationPortrait UIInterfaceOrientationPortraitUpsideDown";
				INFOPLIST_KEY_UIUserInterfaceStyle = Light;
				LD_RUNPATH_SEARCH_PATHS = (
					"$(inherited)",
					"@executable_path/Frameworks",
				);
				MARKETING_VERSION = 1.0;
				PRODUCT_BUNDLE_IDENTIFIER = gred.wolf;
				PRODUCT_NAME = "$(TARGET_NAME)";
				SWIFT_EMIT_LOC_STRINGS = YES;
				SWIFT_VERSION = 5.0;
				TARGETED_DEVICE_FAMILY = "1,2";
			};
			name = Release;
		};
/* End XCBuildConfiguration section */

/* Begin XCConfigurationList section */
		AE7D8F5E29282E1500675043 /* Build configuration list for PBXProject "wolf" */ = {
			isa = XCConfigurationList;
			buildConfigurations = (
				AE7D8F6F29282E1600675043 /* Debug */,
				AE7D8F7029282E1600675043 /* Release */,
			);
			defaultConfigurationIsVisible = 0;
			defaultConfigurationName = Release;
		};
		AE7D8F7129282E1600675043 /* Build configuration list for PBXNativeTarget "wolf" */ = {
			isa = XCConfigurationList;
			buildConfigurations = (
				AE7D8F7229282E1600675043 /* Debug */,
				AE7D8F7329282E1600675043 /* Release */,
			);
			defaultConfigurationIsVisible = 0;
			defaultConfigurationName = Release;
		};
/* End XCConfigurationList section */
	};
	rootObject = AE7D8F5B29282E1500675043 /* Project object */;
}
